// !$*UTF8*$!
{
	archiveVersion = 1;
	classes = {
	};
	objectVersion = 48;
	objects = {

/* Begin PBXBuildFile section */
		FAAC9AC6202C5941003CACC8 /* AppDelegate.m in Sources */ = {isa = PBXBuildFile; fileRef = FAAC9AC5202C5941003CACC8 /* AppDelegate.m */; };
		FAAC9AC9202C5941003CACC8 /* ViewController.m in Sources */ = {isa = PBXBuildFile; fileRef = FAAC9AC8202C5941003CACC8 /* ViewController.m */; };
		FAAC9ACC202C5941003CACC8 /* Main.storyboard in Resources */ = {isa = PBXBuildFile; fileRef = FAAC9ACA202C5941003CACC8 /* Main.storyboard */; };
		FAAC9ACE202C5941003CACC8 /* Assets.xcassets in Resources */ = {isa = PBXBuildFile; fileRef = FAAC9ACD202C5941003CACC8 /* Assets.xcassets */; };
		FAAC9AD1202C5941003CACC8 /* LaunchScreen.storyboard in Resources */ = {isa = PBXBuildFile; fileRef = FAAC9ACF202C5941003CACC8 /* LaunchScreen.storyboard */; };
		FAAC9AD4202C5941003CACC8 /* main.m in Sources */ = {isa = PBXBuildFile; fileRef = FAAC9AD3202C5941003CACC8 /* main.m */; };
		FAAC9ADF202C59AC003CACC8 /* LocalAuthentication.framework in Frameworks */ = {isa = PBXBuildFile; fileRef = FAAC9ADE202C59AC003CACC8 /* LocalAuthentication.framework */; };
/* End PBXBuildFile section */

/* Begin PBXFileReference section */
		FAAC9AC1202C5941003CACC8 /* TouchIDExample.app */ = {isa = PBXFileReference; explicitFileType = wrapper.application; includeInIndex = 0; path = TouchIDExample.app; sourceTree = BUILT_PRODUCTS_DIR; };
		FAAC9AC4202C5941003CACC8 /* AppDelegate.h */ = {isa = PBXFileReference; lastKnownFileType = sourcecode.c.h; path = AppDelegate.h; sourceTree = "<group>"; };
		FAAC9AC5202C5941003CACC8 /* AppDelegate.m */ = {isa = PBXFileReference; lastKnownFileType = sourcecode.c.objc; path = AppDelegate.m; sourceTree = "<group>"; };
		FAAC9AC7202C5941003CACC8 /* ViewController.h */ = {isa = PBXFileReference; lastKnownFileType = sourcecode.c.h; path = ViewController.h; sourceTree = "<group>"; };
		FAAC9AC8202C5941003CACC8 /* ViewController.m */ = {isa = PBXFileReference; lastKnownFileType = sourcecode.c.objc; path = ViewController.m; sourceTree = "<group>"; };
		FAAC9ACB202C5941003CACC8 /* Base */ = {isa = PBXFileReference; lastKnownFileType = file.storyboard; name = Base; path = Base.lproj/Main.storyboard; sourceTree = "<group>"; };
		FAAC9ACD202C5941003CACC8 /* Assets.xcassets */ = {isa = PBXFileReference; lastKnownFileType = folder.assetcatalog; path = Assets.xcassets; sourceTree = "<group>"; };
		FAAC9AD0202C5941003CACC8 /* Base */ = {isa = PBXFileReference; lastKnownFileType = file.storyboard; name = Base; path = Base.lproj/LaunchScreen.storyboard; sourceTree = "<group>"; };
		FAAC9AD2202C5941003CACC8 /* Info.plist */ = {isa = PBXFileReference; lastKnownFileType = text.plist.xml; path = Info.plist; sourceTree = "<group>"; };
		FAAC9AD3202C5941003CACC8 /* main.m */ = {isa = PBXFileReference; lastKnownFileType = sourcecode.c.objc; path = main.m; sourceTree = "<group>"; };
		FAAC9ADE202C59AC003CACC8 /* LocalAuthentication.framework */ = {isa = PBXFileReference; lastKnownFileType = wrapper.framework; name = LocalAuthentication.framework; path = System/Library/Frameworks/LocalAuthentication.framework; sourceTree = SDKROOT; };
/* End PBXFileReference section */

/* Begin PBXFrameworksBuildPhase section */
		FAAC9ABE202C5941003CACC8 /* Frameworks */ = {
			isa = PBXFrameworksBuildPhase;
			buildActionMask = 2147483647;
			files = (
				FAAC9ADF202C59AC003CACC8 /* LocalAuthentication.framework in Frameworks */,
			);
			runOnlyForDeploymentPostprocessing = 0;
		};
/* End PBXFrameworksBuildPhase section */

/* Begin PBXGroup section */
		FAAC9AB8202C5941003CACC8 = {
			isa = PBXGroup;
			children = (
				FAAC9AC3202C5941003CACC8 /* TouchIDExample */,
				FAAC9AC2202C5941003CACC8 /* Products */,
				FAAC9ADD202C59AC003CACC8 /* Frameworks */,
			);
			sourceTree = "<group>";
		};
		FAAC9AC2202C5941003CACC8 /* Products */ = {
			isa = PBXGroup;
			children = (
				FAAC9AC1202C5941003CACC8 /* TouchIDExample.app */,
			);
			name = Products;
			sourceTree = "<group>";
		};
		FAAC9AC3202C5941003CACC8 /* TouchIDExample */ = {
			isa = PBXGroup;
			children = (
				FAAC9AC4202C5941003CACC8 /* AppDelegate.h */,
				FAAC9AC5202C5941003CACC8 /* AppDelegate.m */,
				FAAC9AC7202C5941003CACC8 /* ViewController.h */,
				FAAC9AC8202C5941003CACC8 /* ViewController.m */,
				FAAC9ACA202C5941003CACC8 /* Main.storyboard */,
				FAAC9ACD202C5941003CACC8 /* Assets.xcassets */,
				FAAC9ACF202C5941003CACC8 /* LaunchScreen.storyboard */,
				FAAC9AD2202C5941003CACC8 /* Info.plist */,
				FAAC9AD3202C5941003CACC8 /* main.m */,
			);
			path = TouchIDExample;
			sourceTree = "<group>";
		};
		FAAC9ADD202C59AC003CACC8 /* Frameworks */ = {
			isa = PBXGroup;
			children = (
				FAAC9ADE202C59AC003CACC8 /* LocalAuthentication.framework */,
			);
			name = Frameworks;
			sourceTree = "<group>";
		};
/* End PBXGroup section */

/* Begin PBXNativeTarget section */
		FAAC9AC0202C5941003CACC8 /* TouchIDExample */ = {
			isa = PBXNativeTarget;
			buildConfigurationList = FAAC9AD7202C5941003CACC8 /* Build configuration list for PBXNativeTarget "TouchIDExample" */;
			buildPhases = (
				FAAC9ABD202C5941003CACC8 /* Sources */,
				FAAC9ABE202C5941003CACC8 /* Frameworks */,
				FAAC9ABF202C5941003CACC8 /* Resources */,
			);
			buildRules = (
			);
			dependencies = (
			);
			name = TouchIDExample;
			productName = TouchIDExample;
			productReference = FAAC9AC1202C5941003CACC8 /* TouchIDExample.app */;
			productType = "com.apple.product-type.application";
		};
/* End PBXNativeTarget section */

/* Begin PBXProject section */
		FAAC9AB9202C5941003CACC8 /* Project object */ = {
			isa = PBXProject;
			attributes = {
				LastUpgradeCheck = 0920;
				ORGANIZATIONNAME = macbook;
				TargetAttributes = {
					FAAC9AC0202C5941003CACC8 = {
						CreatedOnToolsVersion = 9.2;
						ProvisioningStyle = Manual;
					};
				};
			};
			buildConfigurationList = FAAC9ABC202C5941003CACC8 /* Build configuration list for PBXProject "TouchIDExample" */;
			compatibilityVersion = "Xcode 8.0";
			developmentRegion = en;
			hasScannedForEncodings = 0;
			knownRegions = (
				en,
				Base,
			);
			mainGroup = FAAC9AB8202C5941003CACC8;
			productRefGroup = FAAC9AC2202C5941003CACC8 /* Products */;
			projectDirPath = "";
			projectRoot = "";
			targets = (
				FAAC9AC0202C5941003CACC8 /* TouchIDExample */,
			);
		};
/* End PBXProject section */

/* Begin PBXResourcesBuildPhase section */
		FAAC9ABF202C5941003CACC8 /* Resources */ = {
			isa = PBXResourcesBuildPhase;
			buildActionMask = 2147483647;
			files = (
				FAAC9AD1202C5941003CACC8 /* LaunchScreen.storyboard in Resources */,
				FAAC9ACE202C5941003CACC8 /* Assets.xcassets in Resources */,
				FAAC9ACC202C5941003CACC8 /* Main.storyboard in Resources */,
			);
			runOnlyForDeploymentPostprocessing = 0;
		};
/* End PBXResourcesBuildPhase section */

/* Begin PBXSourcesBuildPhase section */
		FAAC9ABD202C5941003CACC8 /* Sources */ = {
			isa = PBXSourcesBuildPhase;
			buildActionMask = 2147483647;
			files = (
				FAAC9AC9202C5941003CACC8 /* ViewController.m in Sources */,
				FAAC9AD4202C5941003CACC8 /* main.m in Sources */,
				FAAC9AC6202C5941003CACC8 /* AppDelegate.m in Sources */,
			);
			runOnlyForDeploymentPostprocessing = 0;
		};
/* End PBXSourcesBuildPhase section */

/* Begin PBXVariantGroup section */
		FAAC9ACA202C5941003CACC8 /* Main.storyboard */ = {
			isa = PBXVariantGroup;
			children = (
				FAAC9ACB202C5941003CACC8 /* Base */,
			);
			name = Main.storyboard;
			sourceTree = "<group>";
		};
		FAAC9ACF202C5941003CACC8 /* LaunchScreen.storyboard */ = {
			isa = PBXVariantGroup;
			children = (
				FAAC9AD0202C5941003CACC8 /* Base */,
			);
			name = LaunchScreen.storyboard;
			sourceTree = "<group>";
		};
/* End PBXVariantGroup section */

/* Begin XCBuildConfiguration section */
		FAAC9AD5202C5941003CACC8 /* Debug */ = {
			isa = XCBuildConfiguration;
			buildSettings = {
				ALWAYS_SEARCH_USER_PATHS = NO;
				CLANG_ANALYZER_NONNULL = YES;
				CLANG_ANALYZER_NUMBER_OBJECT_CONVERSION = YES_AGGRESSIVE;
				CLANG_CXX_LANGUAGE_STANDARD = "gnu++14";
				CLANG_CXX_LIBRARY = "libc++";
				CLANG_ENABLE_MODULES = YES;
				CLANG_ENABLE_OBJC_ARC = YES;
				CLANG_WARN_BLOCK_CAPTURE_AUTORELEASING = YES;
				CLANG_WARN_BOOL_CONVERSION = YES;
				CLANG_WARN_COMMA = YES;
				CLANG_WARN_CONSTANT_CONVERSION = YES;
				CLANG_WARN_DIRECT_OBJC_ISA_USAGE = YES_ERROR;
				CLANG_WARN_DOCUMENTATION_COMMENTS = YES;
				CLANG_WARN_EMPTY_BODY = YES;
				CLANG_WARN_ENUM_CONVERSION = YES;
				CLANG_WARN_INFINITE_RECURSION = YES;
				CLANG_WARN_INT_CONVERSION = YES;
				CLANG_WARN_NON_LITERAL_NULL_CONVERSION = YES;
				CLANG_WARN_OBJC_LITERAL_CONVERSION = YES;
				CLANG_WARN_OBJC_ROOT_CLASS = YES_ERROR;
				CLANG_WARN_RANGE_LOOP_ANALYSIS = YES;
				CLANG_WARN_STRICT_PROTOTYPES = YES;
				CLANG_WARN_SUSPICIOUS_MOVE = YES;
				CLANG_WARN_UNGUARDED_AVAILABILITY = YES_AGGRESSIVE;
				CLANG_WARN_UNREACHABLE_CODE = YES;
				CLANG_WARN__DUPLICATE_METHOD_MATCH = YES;
				CODE_SIGN_IDENTITY = "iPhone Developer";
				COPY_PHASE_STRIP = NO;
				DEBUG_INFORMATION_FORMAT = dwarf;
				ENABLE_STRICT_OBJC_MSGSEND = YES;
				ENABLE_TESTABILITY = YES;
				GCC_C_LANGUAGE_STANDARD = gnu11;
				GCC_DYNAMIC_NO_PIC = NO;
				GCC_NO_COMMON_BLOCKS = YES;
				GCC_OPTIMIZATION_LEVEL = 0;
				GCC_PREPROCESSOR_DEFINITIONS = (
					"DEBUG=1",
					"$(inherited)",
				);
				GCC_WARN_64_TO_32_BIT_CONVERSION = YES;
				GCC_WARN_ABOUT_RETURN_TYPE = YES_ERROR;
				GCC_WARN_UNDECLARED_SELECTOR = YES;
				GCC_WARN_UNINITIALIZED_AUTOS = YES_AGGRESSIVE;
				GCC_WARN_UNUSED_FUNCTION = YES;
				GCC_WARN_UNUSED_VARIABLE = YES;
				IPHONEOS_DEPLOYMENT_TARGET = 11.2;
				MTL_ENABLE_DEBUG_INFO = YES;
				ONLY_ACTIVE_ARCH = YES;
				SDKROOT = iphoneos;
			};
			name = Debug;
		};
		FAAC9AD6202C5941003CACC8 /* Release */ = {
			isa = XCBuildConfiguration;
			buildSettings = {
				ALWAYS_SEARCH_USER_PATHS = NO;
				CLANG_ANALYZER_NONNULL = YES;
				CLANG_ANALYZER_NUMBER_OBJECT_CONVERSION = YES_AGGRESSIVE;
				CLANG_CXX_LANGUAGE_STANDARD = "gnu++14";
				CLANG_CXX_LIBRARY = "libc++";
				CLANG_ENABLE_MODULES = YES;
				CLANG_ENABLE_OBJC_ARC = YES;
				CLANG_WARN_BLOCK_CAPTURE_AUTORELEASING = YES;
				CLANG_WARN_BOOL_CONVERSION = YES;
				CLANG_WARN_COMMA = YES;
				CLANG_WARN_CONSTANT_CONVERSION = YES;
				CLANG_WARN_DIRECT_OBJC_ISA_USAGE = YES_ERROR;
				CLANG_WARN_DOCUMENTATION_COMMENTS = YES;
				CLANG_WARN_EMPTY_BODY = YES;
				CLANG_WARN_ENUM_CONVERSION = YES;
				CLANG_WARN_INFINITE_RECURSION = YES;
				CLANG_WARN_INT_CONVERSION = YES;
				CLANG_WARN_NON_LITERAL_NULL_CONVERSION = YES;
				CLANG_WARN_OBJC_LITERAL_CONVERSION = YES;
				CLANG_WARN_OBJC_ROOT_CLASS = YES_ERROR;
				CLANG_WARN_RANGE_LOOP_ANALYSIS = YES;
				CLANG_WARN_STRICT_PROTOTYPES = YES;
				CLANG_WARN_SUSPICIOUS_MOVE = YES;
				CLANG_WARN_UNGUARDED_AVAILABILITY = YES_AGGRESSIVE;
				CLANG_WARN_UNREACHABLE_CODE = YES;
				CLANG_WARN__DUPLICATE_METHOD_MATCH = YES;
				CODE_SIGN_IDENTITY = "iPhone Developer";
				COPY_PHASE_STRIP = NO;
				DEBUG_INFORMATION_FORMAT = "dwarf-with-dsym";
				ENABLE_NS_ASSERTIONS = NO;
				ENABLE_STRICT_OBJC_MSGSEND = YES;
				GCC_C_LANGUAGE_STANDARD = gnu11;
				GCC_NO_COMMON_BLOCKS = YES;
				GCC_WARN_64_TO_32_BIT_CONVERSION = YES;
				GCC_WARN_ABOUT_RETURN_TYPE = YES_ERROR;
				GCC_WARN_UNDECLARED_SELECTOR = YES;
				GCC_WARN_UNINITIALIZED_AUTOS = YES_AGGRESSIVE;
				GCC_WARN_UNUSED_FUNCTION = YES;
				GCC_WARN_UNUSED_VARIABLE = YES;
				IPHONEOS_DEPLOYMENT_TARGET = 11.2;
				MTL_ENABLE_DEBUG_INFO = NO;
				SDKROOT = iphoneos;
				VALIDATE_PRODUCT = YES;
			};
			name = Release;
		};
		FAAC9AD8202C5941003CACC8 /* Debug */ = {
			isa = XCBuildConfiguration;
			buildSettings = {
				ASSETCATALOG_COMPILER_APPICON_NAME = AppIcon;
				CODE_SIGN_STYLE = Manual;
				DEVELOPMENT_TEAM = Q72VF93B33;
				INFOPLIST_FILE = TouchIDExample/Info.plist;
				IPHONEOS_DEPLOYMENT_TARGET = 9.0;
				LD_RUNPATH_SEARCH_PATHS = "$(inherited) @executable_path/Frameworks";
				PRODUCT_BUNDLE_IDENTIFIER = com.tnps.TouchIDExample;
				PRODUCT_NAME = "$(TARGET_NAME)";
				PROVISIONING_PROFILE = "5da2fc03-3866-4130-930e-090118367c15";
				PROVISIONING_PROFILE_SPECIFIER = Wildcard_Development_2018_01_29;
				TARGETED_DEVICE_FAMILY = "1,2";
			};
			name = Debug;
		};
		FAAC9AD9202C5941003CACC8 /* Release */ = {
			isa = XCBuildConfiguration;
			buildSettings = {
				ASSETCATALOG_COMPILER_APPICON_NAME = AppIcon;
				CODE_SIGN_STYLE = Manual;
				DEVELOPMENT_TEAM = Q72VF93B33;
				INFOPLIST_FILE = TouchIDExample/Info.plist;
				IPHONEOS_DEPLOYMENT_TARGET = 9.0;
				LD_RUNPATH_SEARCH_PATHS = "$(inherited) @executable_path/Frameworks";
				PRODUCT_BUNDLE_IDENTIFIER = com.tnps.TouchIDExample;
				PRODUCT_NAME = "$(TARGET_NAME)";
				PROVISIONING_PROFILE = "5da2fc03-3866-4130-930e-090118367c15";
				PROVISIONING_PROFILE_SPECIFIER = Wildcard_Development_2018_01_29;
				TARGETED_DEVICE_FAMILY = "1,2";
			};
			name = Release;
		};
/* End XCBuildConfiguration section */

/* Begin XCConfigurationList section */
		FAAC9ABC202C5941003CACC8 /* Build configuration list for PBXProject "TouchIDExample" */ = {
			isa = XCConfigurationList;
			buildConfigurations = (
				FAAC9AD5202C5941003CACC8 /* Debug */,
				FAAC9AD6202C5941003CACC8 /* Release */,
			);
			defaultConfigurationIsVisible = 0;
			defaultConfigurationName = Release;
		};
		FAAC9AD7202C5941003CACC8 /* Build configuration list for PBXNativeTarget "TouchIDExample" */ = {
			isa = XCConfigurationList;
			buildConfigurations = (
				FAAC9AD8202C5941003CACC8 /* Debug */,
				FAAC9AD9202C5941003CACC8 /* Release */,
			);
			defaultConfigurationIsVisible = 0;
			defaultConfigurationName = Release;
		};
/* End XCConfigurationList section */
	};
	rootObject = FAAC9AB9202C5941003CACC8 /* Project object */;
}
